
Microsoft Visual Studio Solution File, Format Version 12.00
# Visual Studio Version 16
VisualStudioVersion = 16.0.34601.136
MinimumVisualStudioVersion = 10.0.40219.1
Project("{D2ABAB84-BF74-430A-B69E-9DC6D40DDA17}") = "SSAS_MoviesTMDB", "SSAS_MoviesTMDB.dwproj", "{7DB01DA7-AF5E-477C-9F58-774607201B89}"
EndProject
Global
	GlobalSection(SolutionConfigurationPlatforms) = preSolution
		Development|Default = Development|Default
	EndGlobalSection
	GlobalSection(ProjectConfigurationPlatforms) = postSolution
		{7DB01DA7-AF5E-477C-9F58-774607201B89}.Development|Default.ActiveCfg = Development
		{7DB01DA7-AF5E-477C-9F58-774607201B89}.Development|Default.Build.0 = Development
		{7DB01DA7-AF5E-477C-9F58-774607201B89}.Development|Default.Deploy.0 = Development
	EndGlobalSection
	GlobalSection(SolutionProperties) = preSolution
		HideSolutionNode = FALSE
	EndGlobalSection
	GlobalSection(ExtensibilityGlobals) = postSolution
		SolutionGuid = {05E96BA9-915B-4B35-BAFF-EAF3D3315F91}
	EndGlobalSection
EndGlobal
