
Microsoft Visual Studio Solution File, Format Version 12.00
# Visual Studio Version 16
VisualStudioVersion = 16.0.34601.136
MinimumVisualStudioVersion = 10.0.40219.1
Project("{C9674DCB-5085-4A16-B785-4C70DD1589BD}") = "SSID_MoviesTMDB", "SSID_MoviesTMDB.dtproj", "{A7B275AB-72B6-46B6-8E59-52A67F319F60}"
EndProject
Global
	GlobalSection(SolutionConfigurationPlatforms) = preSolution
		Development|Default = Development|Default
	EndGlobalSection
	GlobalSection(ProjectConfigurationPlatforms) = postSolution
		{A7B275AB-72B6-46B6-8E59-52A67F319F60}.Development|Default.ActiveCfg = Development
		{A7B275AB-72B6-46B6-8E59-52A67F319F60}.Development|Default.Build.0 = Development
	EndGlobalSection
	GlobalSection(SolutionProperties) = preSolution
		HideSolutionNode = FALSE
	EndGlobalSection
	GlobalSection(ExtensibilityGlobals) = postSolution
		SolutionGuid = {C87AC699-A3F4-45CD-8573-CE86346C4378}
	EndGlobalSection
EndGlobal
